// !$*UTF8*$!
{
	archiveVersion = 1;
	classes = {
	};
	objectVersion = 50;
	objects = {

/* Begin PBXBuildFile section */
		65016C98211D908E00E5A6DF /* AppDelegate.swift in Sources */ = {isa = PBXBuildFile; fileRef = 65016C97211D908E00E5A6DF /* AppDelegate.swift */; };
		65016C9A211D908E00E5A6DF /* ViewController.swift in Sources */ = {isa = PBXBuildFile; fileRef = 65016C99211D908E00E5A6DF /* ViewController.swift */; };
		65016C9D211D908E00E5A6DF /* Main.storyboard in Resources */ = {isa = PBXBuildFile; fileRef = 65016C9B211D908E00E5A6DF /* Main.storyboard */; };
		65016C9F211D909000E5A6DF /* Assets.xcassets in Resources */ = {isa = PBXBuildFile; fileRef = 65016C9E211D909000E5A6DF /* Assets.xcassets */; };
		65016CA2211D909000E5A6DF /* LaunchScreen.storyboard in Resources */ = {isa = PBXBuildFile; fileRef = 65016CA0211D909000E5A6DF /* LaunchScreen.storyboard */; };
		65016CAD211D909100E5A6DF /* SQLiteCRUDInSwiftTests.swift in Sources */ = {isa = PBXBuildFile; fileRef = 65016CAC211D909100E5A6DF /* SQLiteCRUDInSwiftTests.swift */; };
		65016CB8211D909100E5A6DF /* SQLiteCRUDInSwiftUITests.swift in Sources */ = {isa = PBXBuildFile; fileRef = 65016CB7211D909100E5A6DF /* SQLiteCRUDInSwiftUITests.swift */; };
		65016CE5211DAB2700E5A6DF /* User.swift in Sources */ = {isa = PBXBuildFile; fileRef = 65016CE4211DAB2700E5A6DF /* User.swift */; };
		65AC2131211DBC6800C0B6FC /* SQLite.framework in Frameworks */ = {isa = PBXBuildFile; fileRef = 65AC2124211DBC5100C0B6FC /* SQLite.framework */; };
		65AC2132211DBC6E00C0B6FC /* SQLite.framework in Frameworks */ = {isa = PBXBuildFile; fileRef = 65AC2124211DBC5100C0B6FC /* SQLite.framework */; };
		65AC2133211DBC6E00C0B6FC /* SQLite.framework in Embed Frameworks */ = {isa = PBXBuildFile; fileRef = 65AC2124211DBC5100C0B6FC /* SQLite.framework */; settings = {ATTRIBUTES = (CodeSignOnCopy, RemoveHeadersOnCopy, ); }; };
/* End PBXBuildFile section */

/* Begin PBXContainerItemProxy section */
		65016CA9211D909100E5A6DF /* PBXContainerItemProxy */ = {
			isa = PBXContainerItemProxy;
			containerPortal = 65016C8C211D908E00E5A6DF /* Project object */;
			proxyType = 1;
			remoteGlobalIDString = 65016C93211D908E00E5A6DF;
			remoteInfo = SQLiteCRUDInSwift;
		};
		65016CB4211D909100E5A6DF /* PBXContainerItemProxy */ = {
			isa = PBXContainerItemProxy;
			containerPortal = 65016C8C211D908E00E5A6DF /* Project object */;
			proxyType = 1;
			remoteGlobalIDString = 65016C93211D908E00E5A6DF;
			remoteInfo = SQLiteCRUDInSwift;
		};
		65AC2123211DBC5100C0B6FC /* PBXContainerItemProxy */ = {
			isa = PBXContainerItemProxy;
			containerPortal = 65AC2119211DBC5100C0B6FC /* SQLite.xcodeproj */;
			proxyType = 2;
			remoteGlobalIDString = EE247AD31C3F04ED00AE3E12;
			remoteInfo = "SQLite iOS";
		};
		65AC2125211DBC5100C0B6FC /* PBXContainerItemProxy */ = {
			isa = PBXContainerItemProxy;
			containerPortal = 65AC2119211DBC5100C0B6FC /* SQLite.xcodeproj */;
			proxyType = 2;
			remoteGlobalIDString = EE247ADD1C3F04ED00AE3E12;
			remoteInfo = "SQLiteTests iOS";
		};
		65AC2127211DBC5100C0B6FC /* PBXContainerItemProxy */ = {
			isa = PBXContainerItemProxy;
			containerPortal = 65AC2119211DBC5100C0B6FC /* SQLite.xcodeproj */;
			proxyType = 2;
			remoteGlobalIDString = EE247B3C1C3F3ED000AE3E12;
			remoteInfo = "SQLite Mac";
		};
		65AC2129211DBC5100C0B6FC /* PBXContainerItemProxy */ = {
			isa = PBXContainerItemProxy;
			containerPortal = 65AC2119211DBC5100C0B6FC /* SQLite.xcodeproj */;
			proxyType = 2;
			remoteGlobalIDString = EE247B451C3F3ED000AE3E12;
			remoteInfo = "SQLiteTests Mac";
		};
		65AC212B211DBC5100C0B6FC /* PBXContainerItemProxy */ = {
			isa = PBXContainerItemProxy;
			containerPortal = 65AC2119211DBC5100C0B6FC /* SQLite.xcodeproj */;
			proxyType = 2;
			remoteGlobalIDString = 03A65E5A1C6BB0F50062603F;
			remoteInfo = "SQLite tvOS";
		};
		65AC212D211DBC5100C0B6FC /* PBXContainerItemProxy */ = {
			isa = PBXContainerItemProxy;
			containerPortal = 65AC2119211DBC5100C0B6FC /* SQLite.xcodeproj */;
			proxyType = 2;
			remoteGlobalIDString = 03A65E631C6BB0F60062603F;
			remoteInfo = "SQLiteTests tvOS";
		};
		65AC212F211DBC5100C0B6FC /* PBXContainerItemProxy */ = {
			isa = PBXContainerItemProxy;
			containerPortal = 65AC2119211DBC5100C0B6FC /* SQLite.xcodeproj */;
			proxyType = 2;
			remoteGlobalIDString = A121AC451CA35C79005A31D1;
			remoteInfo = "SQLite watchOS";
		};
		65AC2134211DBC6E00C0B6FC /* PBXContainerItemProxy */ = {
			isa = PBXContainerItemProxy;
			containerPortal = 65AC2119211DBC5100C0B6FC /* SQLite.xcodeproj */;
			proxyType = 1;
			remoteGlobalIDString = EE247AD21C3F04ED00AE3E12;
			remoteInfo = "SQLite iOS";
		};
/* End PBXContainerItemProxy section */

/* Begin PBXCopyFilesBuildPhase section */
		65016CE3211D934D00E5A6DF /* Embed Frameworks */ = {
			isa = PBXCopyFilesBuildPhase;
			buildActionMask = 2147483647;
			dstPath = "";
			dstSubfolderSpec = 10;
			files = (
				65AC2133211DBC6E00C0B6FC /* SQLite.framework in Embed Frameworks */,
			);
			name = "Embed Frameworks";
			runOnlyForDeploymentPostprocessing = 0;
		};
/* End PBXCopyFilesBuildPhase section */

/* Begin PBXFileReference section */
		65016C94211D908E00E5A6DF /* SQLiteCRUDInSwift.app */ = {isa = PBXFileReference; explicitFileType = wrapper.application; includeInIndex = 0; path = SQLiteCRUDInSwift.app; sourceTree = BUILT_PRODUCTS_DIR; };
		65016C97211D908E00E5A6DF /* AppDelegate.swift */ = {isa = PBXFileReference; lastKnownFileType = sourcecode.swift; path = AppDelegate.swift; sourceTree = "<group>"; };
		65016C99211D908E00E5A6DF /* ViewController.swift */ = {isa = PBXFileReference; lastKnownFileType = sourcecode.swift; path = ViewController.swift; sourceTree = "<group>"; };
		65016C9C211D908E00E5A6DF /* Base */ = {isa = PBXFileReference; lastKnownFileType = file.storyboard; name = Base; path = Base.lproj/Main.storyboard; sourceTree = "<group>"; };
		65016C9E211D909000E5A6DF /* Assets.xcassets */ = {isa = PBXFileReference; lastKnownFileType = folder.assetcatalog; path = Assets.xcassets; sourceTree = "<group>"; };
		65016CA1211D909000E5A6DF /* Base */ = {isa = PBXFileReference; lastKnownFileType = file.storyboard; name = Base; path = Base.lproj/LaunchScreen.storyboard; sourceTree = "<group>"; };
		65016CA3211D909000E5A6DF /* Info.plist */ = {isa = PBXFileReference; lastKnownFileType = text.plist.xml; path = Info.plist; sourceTree = "<group>"; };
		65016CA8211D909100E5A6DF /* SQLiteCRUDInSwiftTests.xctest */ = {isa = PBXFileReference; explicitFileType = wrapper.cfbundle; includeInIndex = 0; path = SQLiteCRUDInSwiftTests.xctest; sourceTree = BUILT_PRODUCTS_DIR; };
		65016CAC211D909100E5A6DF /* SQLiteCRUDInSwiftTests.swift */ = {isa = PBXFileReference; lastKnownFileType = sourcecode.swift; path = SQLiteCRUDInSwiftTests.swift; sourceTree = "<group>"; };
		65016CAE211D909100E5A6DF /* Info.plist */ = {isa = PBXFileReference; lastKnownFileType = text.plist.xml; path = Info.plist; sourceTree = "<group>"; };
		65016CB3211D909100E5A6DF /* SQLiteCRUDInSwiftUITests.xctest */ = {isa = PBXFileReference; explicitFileType = wrapper.cfbundle; includeInIndex = 0; path = SQLiteCRUDInSwiftUITests.xctest; sourceTree = BUILT_PRODUCTS_DIR; };
		65016CB7211D909100E5A6DF /* SQLiteCRUDInSwiftUITests.swift */ = {isa = PBXFileReference; lastKnownFileType = sourcecode.swift; path = SQLiteCRUDInSwiftUITests.swift; sourceTree = "<group>"; };
		65016CB9211D909100E5A6DF /* Info.plist */ = {isa = PBXFileReference; lastKnownFileType = text.plist.xml; path = Info.plist; sourceTree = "<group>"; };
		65016CE4211DAB2700E5A6DF /* User.swift */ = {isa = PBXFileReference; lastKnownFileType = sourcecode.swift; path = User.swift; sourceTree = "<group>"; };
		65AC20E1211DB9AC00C0B6FC /* libsqlite3.tbd */ = {isa = PBXFileReference; lastKnownFileType = "sourcecode.text-based-dylib-definition"; name = libsqlite3.tbd; path = usr/lib/libsqlite3.tbd; sourceTree = SDKROOT; };
		65AC2119211DBC5100C0B6FC /* SQLite.xcodeproj */ = {isa = PBXFileReference; lastKnownFileType = "wrapper.pb-project"; name = SQLite.xcodeproj; path = "../../Desktop/SQLite.swift-master/SQLite.xcodeproj"; sourceTree = "<group>"; };
/* End PBXFileReference section */

/* Begin PBXFrameworksBuildPhase section */
		65016C91211D908E00E5A6DF /* Frameworks */ = {
			isa = PBXFrameworksBuildPhase;
			buildActionMask = 2147483647;
			files = (
				65AC2132211DBC6E00C0B6FC /* SQLite.framework in Frameworks */,
				65AC2131211DBC6800C0B6FC /* SQLite.framework in Frameworks */,
			);
			runOnlyForDeploymentPostprocessing = 0;
		};
		65016CA5211D909100E5A6DF /* Frameworks */ = {
			isa = PBXFrameworksBuildPhase;
			buildActionMask = 2147483647;
			files = (
			);
			runOnlyForDeploymentPostprocessing = 0;
		};
		65016CB0211D909100E5A6DF /* Frameworks */ = {
			isa = PBXFrameworksBuildPhase;
			buildActionMask = 2147483647;
			files = (
			);
			runOnlyForDeploymentPostprocessing = 0;
		};
/* End PBXFrameworksBuildPhase section */

/* Begin PBXGroup section */
		65016C8B211D908E00E5A6DF = {
			isa = PBXGroup;
			children = (
				65016C96211D908E00E5A6DF /* SQLiteCRUDInSwift */,
				65016CAB211D909100E5A6DF /* SQLiteCRUDInSwiftTests */,
				65016CB6211D909100E5A6DF /* SQLiteCRUDInSwiftUITests */,
				65016C95211D908E00E5A6DF /* Products */,
				65AC2119211DBC5100C0B6FC /* SQLite.xcodeproj */,
				65016CDD211D933D00E5A6DF /* Frameworks */,
			);
			sourceTree = "<group>";
		};
		65016C95211D908E00E5A6DF /* Products */ = {
			isa = PBXGroup;
			children = (
				65016C94211D908E00E5A6DF /* SQLiteCRUDInSwift.app */,
				65016CA8211D909100E5A6DF /* SQLiteCRUDInSwiftTests.xctest */,
				65016CB3211D909100E5A6DF /* SQLiteCRUDInSwiftUITests.xctest */,
			);
			name = Products;
			sourceTree = "<group>";
		};
		65016C96211D908E00E5A6DF /* SQLiteCRUDInSwift */ = {
			isa = PBXGroup;
			children = (
				65016C97211D908E00E5A6DF /* AppDelegate.swift */,
				65016C99211D908E00E5A6DF /* ViewController.swift */,
				65016C9B211D908E00E5A6DF /* Main.storyboard */,
				65016C9E211D909000E5A6DF /* Assets.xcassets */,
				65016CA0211D909000E5A6DF /* LaunchScreen.storyboard */,
				65016CA3211D909000E5A6DF /* Info.plist */,
				65016CE4211DAB2700E5A6DF /* User.swift */,
			);
			path = SQLiteCRUDInSwift;
			sourceTree = "<group>";
		};
		65016CAB211D909100E5A6DF /* SQLiteCRUDInSwiftTests */ = {
			isa = PBXGroup;
			children = (
				65016CAC211D909100E5A6DF /* SQLiteCRUDInSwiftTests.swift */,
				65016CAE211D909100E5A6DF /* Info.plist */,
			);
			path = SQLiteCRUDInSwiftTests;
			sourceTree = "<group>";
		};
		65016CB6211D909100E5A6DF /* SQLiteCRUDInSwiftUITests */ = {
			isa = PBXGroup;
			children = (
				65016CB7211D909100E5A6DF /* SQLiteCRUDInSwiftUITests.swift */,
				65016CB9211D909100E5A6DF /* Info.plist */,
			);
			path = SQLiteCRUDInSwiftUITests;
			sourceTree = "<group>";
		};
		65016CDD211D933D00E5A6DF /* Frameworks */ = {
			isa = PBXGroup;
			children = (
				65AC20E1211DB9AC00C0B6FC /* libsqlite3.tbd */,
			);
			name = Frameworks;
			sourceTree = "<group>";
		};
		65AC211A211DBC5100C0B6FC /* Products */ = {
			isa = PBXGroup;
			children = (
				65AC2124211DBC5100C0B6FC /* SQLite.framework */,
				65AC2126211DBC5100C0B6FC /* SQLiteTests iOS.xctest */,
				65AC2128211DBC5100C0B6FC /* SQLite.framework */,
				65AC212A211DBC5100C0B6FC /* SQLiteTests Mac.xctest */,
				65AC212C211DBC5100C0B6FC /* SQLite.framework */,
				65AC212E211DBC5100C0B6FC /* SQLiteTests tvOS.xctest */,
				65AC2130211DBC5100C0B6FC /* SQLite.framework */,
			);
			name = Products;
			sourceTree = "<group>";
		};
/* End PBXGroup section */

/* Begin PBXNativeTarget section */
		65016C93211D908E00E5A6DF /* SQLiteCRUDInSwift */ = {
			isa = PBXNativeTarget;
			buildConfigurationList = 65016CBC211D909100E5A6DF /* Build configuration list for PBXNativeTarget "SQLiteCRUDInSwift" */;
			buildPhases = (
				65016C90211D908E00E5A6DF /* Sources */,
				65016C91211D908E00E5A6DF /* Frameworks */,
				65016C92211D908E00E5A6DF /* Resources */,
				65016CE3211D934D00E5A6DF /* Embed Frameworks */,
			);
			buildRules = (
			);
			dependencies = (
				65AC2135211DBC6E00C0B6FC /* PBXTargetDependency */,
			);
			name = SQLiteCRUDInSwift;
			productName = SQLiteCRUDInSwift;
			productReference = 65016C94211D908E00E5A6DF /* SQLiteCRUDInSwift.app */;
			productType = "com.apple.product-type.application";
		};
		65016CA7211D909100E5A6DF /* SQLiteCRUDInSwiftTests */ = {
			isa = PBXNativeTarget;
			buildConfigurationList = 65016CBF211D909100E5A6DF /* Build configuration list for PBXNativeTarget "SQLiteCRUDInSwiftTests" */;
			buildPhases = (
				65016CA4211D909100E5A6DF /* Sources */,
				65016CA5211D909100E5A6DF /* Frameworks */,
				65016CA6211D909100E5A6DF /* Resources */,
			);
			buildRules = (
			);
			dependencies = (
				65016CAA211D909100E5A6DF /* PBXTargetDependency */,
			);
			name = SQLiteCRUDInSwiftTests;
			productName = SQLiteCRUDInSwiftTests;
			productReference = 65016CA8211D909100E5A6DF /* SQLiteCRUDInSwiftTests.xctest */;
			productType = "com.apple.product-type.bundle.unit-test";
		};
		65016CB2211D909100E5A6DF /* SQLiteCRUDInSwiftUITests */ = {
			isa = PBXNativeTarget;
			buildConfigurationList = 65016CC2211D909100E5A6DF /* Build configuration list for PBXNativeTarget "SQLiteCRUDInSwiftUITests" */;
			buildPhases = (
				65016CAF211D909100E5A6DF /* Sources */,
				65016CB0211D909100E5A6DF /* Frameworks */,
				65016CB1211D909100E5A6DF /* Resources */,
			);
			buildRules = (
			);
			dependencies = (
				65016CB5211D909100E5A6DF /* PBXTargetDependency */,
			);
			name = SQLiteCRUDInSwiftUITests;
			productName = SQLiteCRUDInSwiftUITests;
			productReference = 65016CB3211D909100E5A6DF /* SQLiteCRUDInSwiftUITests.xctest */;
			productType = "com.apple.product-type.bundle.ui-testing";
		};
/* End PBXNativeTarget section */

/* Begin PBXProject section */
		65016C8C211D908E00E5A6DF /* Project object */ = {
			isa = PBXProject;
			attributes = {
				LastSwiftUpdateCheck = 0940;
				LastUpgradeCheck = 0940;
				ORGANIZATIONNAME = Pasha;
				TargetAttributes = {
					65016C93211D908E00E5A6DF = {
						CreatedOnToolsVersion = 9.4.1;
					};
					65016CA7211D909100E5A6DF = {
						CreatedOnToolsVersion = 9.4.1;
						TestTargetID = 65016C93211D908E00E5A6DF;
					};
					65016CB2211D909100E5A6DF = {
						CreatedOnToolsVersion = 9.4.1;
						TestTargetID = 65016C93211D908E00E5A6DF;
					};
				};
			};
			buildConfigurationList = 65016C8F211D908E00E5A6DF /* Build configuration list for PBXProject "SQLiteCRUDInSwift" */;
			compatibilityVersion = "Xcode 9.3";
			developmentRegion = en;
			hasScannedForEncodings = 0;
			knownRegions = (
				en,
				Base,
			);
			mainGroup = 65016C8B211D908E00E5A6DF;
			productRefGroup = 65016C95211D908E00E5A6DF /* Products */;
			projectDirPath = "";
			projectReferences = (
				{
					ProductGroup = 65AC211A211DBC5100C0B6FC /* Products */;
					ProjectRef = 65AC2119211DBC5100C0B6FC /* SQLite.xcodeproj */;
				},
			);
			projectRoot = "";
			targets = (
				65016C93211D908E00E5A6DF /* SQLiteCRUDInSwift */,
				65016CA7211D909100E5A6DF /* SQLiteCRUDInSwiftTests */,
				65016CB2211D909100E5A6DF /* SQLiteCRUDInSwiftUITests */,
			);
		};
/* End PBXProject section */

/* Begin PBXReferenceProxy section */
		65AC2124211DBC5100C0B6FC /* SQLite.framework */ = {
			isa = PBXReferenceProxy;
			fileType = wrapper.framework;
			path = SQLite.framework;
			remoteRef = 65AC2123211DBC5100C0B6FC /* PBXContainerItemProxy */;
			sourceTree = BUILT_PRODUCTS_DIR;
		};
		65AC2126211DBC5100C0B6FC /* SQLiteTests iOS.xctest */ = {
			isa = PBXReferenceProxy;
			fileType = wrapper.cfbundle;
			path = "SQLiteTests iOS.xctest";
			remoteRef = 65AC2125211DBC5100C0B6FC /* PBXContainerItemProxy */;
			sourceTree = BUILT_PRODUCTS_DIR;
		};
		65AC2128211DBC5100C0B6FC /* SQLite.framework */ = {
			isa = PBXReferenceProxy;
			fileType = wrapper.framework;
			path = SQLite.framework;
			remoteRef = 65AC2127211DBC5100C0B6FC /* PBXContainerItemProxy */;
			sourceTree = BUILT_PRODUCTS_DIR;
		};
		65AC212A211DBC5100C0B6FC /* SQLiteTests Mac.xctest */ = {
			isa = PBXReferenceProxy;
			fileType = wrapper.cfbundle;
			path = "SQLiteTests Mac.xctest";
			remoteRef = 65AC2129211DBC5100C0B6FC /* PBXContainerItemProxy */;
			sourceTree = BUILT_PRODUCTS_DIR;
		};
		65AC212C211DBC5100C0B6FC /* SQLite.framework */ = {
			isa = PBXReferenceProxy;
			fileType = wrapper.framework;
			path = SQLite.framework;
			remoteRef = 65AC212B211DBC5100C0B6FC /* PBXContainerItemProxy */;
			sourceTree = BUILT_PRODUCTS_DIR;
		};
		65AC212E211DBC5100C0B6FC /* SQLiteTests tvOS.xctest */ = {
			isa = PBXReferenceProxy;
			fileType = wrapper.cfbundle;
			path = "SQLiteTests tvOS.xctest";
			remoteRef = 65AC212D211DBC5100C0B6FC /* PBXContainerItemProxy */;
			sourceTree = BUILT_PRODUCTS_DIR;
		};
		65AC2130211DBC5100C0B6FC /* SQLite.framework */ = {
			isa = PBXReferenceProxy;
			fileType = wrapper.framework;
			path = SQLite.framework;
			remoteRef = 65AC212F211DBC5100C0B6FC /* PBXContainerItemProxy */;
			sourceTree = BUILT_PRODUCTS_DIR;
		};
/* End PBXReferenceProxy section */

/* Begin PBXResourcesBuildPhase section */
		65016C92211D908E00E5A6DF /* Resources */ = {
			isa = PBXResourcesBuildPhase;
			buildActionMask = 2147483647;
			files = (
				65016CA2211D909000E5A6DF /* LaunchScreen.storyboard in Resources */,
				65016C9F211D909000E5A6DF /* Assets.xcassets in Resources */,
				65016C9D211D908E00E5A6DF /* Main.storyboard in Resources */,
			);
			runOnlyForDeploymentPostprocessing = 0;
		};
		65016CA6211D909100E5A6DF /* Resources */ = {
			isa = PBXResourcesBuildPhase;
			buildActionMask = 2147483647;
			files = (
			);
			runOnlyForDeploymentPostprocessing = 0;
		};
		65016CB1211D909100E5A6DF /* Resources */ = {
			isa = PBXResourcesBuildPhase;
			buildActionMask = 2147483647;
			files = (
			);
			runOnlyForDeploymentPostprocessing = 0;
		};
/* End PBXResourcesBuildPhase section */

/* Begin PBXSourcesBuildPhase section */
		65016C90211D908E00E5A6DF /* Sources */ = {
			isa = PBXSourcesBuildPhase;
			buildActionMask = 2147483647;
			files = (
				65016C9A211D908E00E5A6DF /* ViewController.swift in Sources */,
				65016C98211D908E00E5A6DF /* AppDelegate.swift in Sources */,
				65016CE5211DAB2700E5A6DF /* User.swift in Sources */,
			);
			runOnlyForDeploymentPostprocessing = 0;
		};
		65016CA4211D909100E5A6DF /* Sources */ = {
			isa = PBXSourcesBuildPhase;
			buildActionMask = 2147483647;
			files = (
				65016CAD211D909100E5A6DF /* SQLiteCRUDInSwiftTests.swift in Sources */,
			);
			runOnlyForDeploymentPostprocessing = 0;
		};
		65016CAF211D909100E5A6DF /* Sources */ = {
			isa = PBXSourcesBuildPhase;
			buildActionMask = 2147483647;
			files = (
				65016CB8211D909100E5A6DF /* SQLiteCRUDInSwiftUITests.swift in Sources */,
			);
			runOnlyForDeploymentPostprocessing = 0;
		};
/* End PBXSourcesBuildPhase section */

/* Begin PBXTargetDependency section */
		65016CAA211D909100E5A6DF /* PBXTargetDependency */ = {
			isa = PBXTargetDependency;
			target = 65016C93211D908E00E5A6DF /* SQLiteCRUDInSwift */;
			targetProxy = 65016CA9211D909100E5A6DF /* PBXContainerItemProxy */;
		};
		65016CB5211D909100E5A6DF /* PBXTargetDependency */ = {
			isa = PBXTargetDependency;
			target = 65016C93211D908E00E5A6DF /* SQLiteCRUDInSwift */;
			targetProxy = 65016CB4211D909100E5A6DF /* PBXContainerItemProxy */;
		};
		65AC2135211DBC6E00C0B6FC /* PBXTargetDependency */ = {
			isa = PBXTargetDependency;
			name = "SQLite iOS";
			targetProxy = 65AC2134211DBC6E00C0B6FC /* PBXContainerItemProxy */;
		};
/* End PBXTargetDependency section */

/* Begin PBXVariantGroup section */
		65016C9B211D908E00E5A6DF /* Main.storyboard */ = {
			isa = PBXVariantGroup;
			children = (
				65016C9C211D908E00E5A6DF /* Base */,
			);
			name = Main.storyboard;
			sourceTree = "<group>";
		};
		65016CA0211D909000E5A6DF /* LaunchScreen.storyboard */ = {
			isa = PBXVariantGroup;
			children = (
				65016CA1211D909000E5A6DF /* Base */,
			);
			name = LaunchScreen.storyboard;
			sourceTree = "<group>";
		};
/* End PBXVariantGroup section */

/* Begin XCBuildConfiguration section */
		65016CBA211D909100E5A6DF /* Debug */ = {
			isa = XCBuildConfiguration;
			buildSettings = {
				ALWAYS_SEARCH_USER_PATHS = NO;
				CLANG_ANALYZER_NONNULL = YES;
				CLANG_ANALYZER_NUMBER_OBJECT_CONVERSION = YES_AGGRESSIVE;
				CLANG_CXX_LANGUAGE_STANDARD = "gnu++14";
				CLANG_CXX_LIBRARY = "libc++";
				CLANG_ENABLE_MODULES = YES;
				CLANG_ENABLE_OBJC_ARC = YES;
				CLANG_ENABLE_OBJC_WEAK = YES;
				CLANG_WARN_BLOCK_CAPTURE_AUTORELEASING = YES;
				CLANG_WARN_BOOL_CONVERSION = YES;
				CLANG_WARN_COMMA = YES;
				CLANG_WARN_CONSTANT_CONVERSION = YES;
				CLANG_WARN_DEPRECATED_OBJC_IMPLEMENTATIONS = YES;
				CLANG_WARN_DIRECT_OBJC_ISA_USAGE = YES_ERROR;
				CLANG_WARN_DOCUMENTATION_COMMENTS = YES;
				CLANG_WARN_EMPTY_BODY = YES;
				CLANG_WARN_ENUM_CONVERSION = YES;
				CLANG_WARN_INFINITE_RECURSION = YES;
				CLANG_WARN_INT_CONVERSION = YES;
				CLANG_WARN_NON_LITERAL_NULL_CONVERSION = YES;
				CLANG_WARN_OBJC_IMPLICIT_RETAIN_SELF = YES;
				CLANG_WARN_OBJC_LITERAL_CONVERSION = YES;
				CLANG_WARN_OBJC_ROOT_CLASS = YES_ERROR;
				CLANG_WARN_RANGE_LOOP_ANALYSIS = YES;
				CLANG_WARN_STRICT_PROTOTYPES = YES;
				CLANG_WARN_SUSPICIOUS_MOVE = YES;
				CLANG_WARN_UNGUARDED_AVAILABILITY = YES_AGGRESSIVE;
				CLANG_WARN_UNREACHABLE_CODE = YES;
				CLANG_WARN__DUPLICATE_METHOD_MATCH = YES;
				CODE_SIGN_IDENTITY = "iPhone Developer";
				COPY_PHASE_STRIP = NO;
				DEBUG_INFORMATION_FORMAT = dwarf;
				ENABLE_STRICT_OBJC_MSGSEND = YES;
				ENABLE_TESTABILITY = YES;
				GCC_C_LANGUAGE_STANDARD = gnu11;
				GCC_DYNAMIC_NO_PIC = NO;
				GCC_NO_COMMON_BLOCKS = YES;
				GCC_OPTIMIZATION_LEVEL = 0;
				GCC_PREPROCESSOR_DEFINITIONS = (
					"DEBUG=1",
					"$(inherited)",
				);
				GCC_WARN_64_TO_32_BIT_CONVERSION = YES;
				GCC_WARN_ABOUT_RETURN_TYPE = YES_ERROR;
				GCC_WARN_UNDECLARED_SELECTOR = YES;
				GCC_WARN_UNINITIALIZED_AUTOS = YES_AGGRESSIVE;
				GCC_WARN_UNUSED_FUNCTION = YES;
				GCC_WARN_UNUSED_VARIABLE = YES;
				IPHONEOS_DEPLOYMENT_TARGET = 11.4;
				MTL_ENABLE_DEBUG_INFO = YES;
				ONLY_ACTIVE_ARCH = YES;
				SDKROOT = iphoneos;
				SWIFT_ACTIVE_COMPILATION_CONDITIONS = DEBUG;
				SWIFT_OPTIMIZATION_LEVEL = "-Onone";
			};
			name = Debug;
		};
		65016CBB211D909100E5A6DF /* Release */ = {
			isa = XCBuildConfiguration;
			buildSettings = {
				ALWAYS_SEARCH_USER_PATHS = NO;
				CLANG_ANALYZER_NONNULL = YES;
				CLANG_ANALYZER_NUMBER_OBJECT_CONVERSION = YES_AGGRESSIVE;
				CLANG_CXX_LANGUAGE_STANDARD = "gnu++14";
				CLANG_CXX_LIBRARY = "libc++";
				CLANG_ENABLE_MODULES = YES;
				CLANG_ENABLE_OBJC_ARC = YES;
				CLANG_ENABLE_OBJC_WEAK = YES;
				CLANG_WARN_BLOCK_CAPTURE_AUTORELEASING = YES;
				CLANG_WARN_BOOL_CONVERSION = YES;
				CLANG_WARN_COMMA = YES;
				CLANG_WARN_CONSTANT_CONVERSION = YES;
				CLANG_WARN_DEPRECATED_OBJC_IMPLEMENTATIONS = YES;
				CLANG_WARN_DIRECT_OBJC_ISA_USAGE = YES_ERROR;
				CLANG_WARN_DOCUMENTATION_COMMENTS = YES;
				CLANG_WARN_EMPTY_BODY = YES;
				CLANG_WARN_ENUM_CONVERSION = YES;
				CLANG_WARN_INFINITE_RECURSION = YES;
				CLANG_WARN_INT_CONVERSION = YES;
				CLANG_WARN_NON_LITERAL_NULL_CONVERSION = YES;
				CLANG_WARN_OBJC_IMPLICIT_RETAIN_SELF = YES;
				CLANG_WARN_OBJC_LITERAL_CONVERSION = YES;
				CLANG_WARN_OBJC_ROOT_CLASS = YES_ERROR;
				CLANG_WARN_RANGE_LOOP_ANALYSIS = YES;
				CLANG_WARN_STRICT_PROTOTYPES = YES;
				CLANG_WARN_SUSPICIOUS_MOVE = YES;
				CLANG_WARN_UNGUARDED_AVAILABILITY = YES_AGGRESSIVE;
				CLANG_WARN_UNREACHABLE_CODE = YES;
				CLANG_WARN__DUPLICATE_METHOD_MATCH = YES;
				CODE_SIGN_IDENTITY = "iPhone Developer";
				COPY_PHASE_STRIP = NO;
				DEBUG_INFORMATION_FORMAT = "dwarf-with-dsym";
				ENABLE_NS_ASSERTIONS = NO;
				ENABLE_STRICT_OBJC_MSGSEND = YES;
				GCC_C_LANGUAGE_STANDARD = gnu11;
				GCC_NO_COMMON_BLOCKS = YES;
				GCC_WARN_64_TO_32_BIT_CONVERSION = YES;
				GCC_WARN_ABOUT_RETURN_TYPE = YES_ERROR;
				GCC_WARN_UNDECLARED_SELECTOR = YES;
				GCC_WARN_UNINITIALIZED_AUTOS = YES_AGGRESSIVE;
				GCC_WARN_UNUSED_FUNCTION = YES;
				GCC_WARN_UNUSED_VARIABLE = YES;
				IPHONEOS_DEPLOYMENT_TARGET = 11.4;
				MTL_ENABLE_DEBUG_INFO = NO;
				SDKROOT = iphoneos;
				SWIFT_COMPILATION_MODE = wholemodule;
				SWIFT_OPTIMIZATION_LEVEL = "-O";
				VALIDATE_PRODUCT = YES;
			};
			name = Release;
		};
		65016CBD211D909100E5A6DF /* Debug */ = {
			isa = XCBuildConfiguration;
			buildSettings = {
				ALWAYS_EMBED_SWIFT_STANDARD_LIBRARIES = YES;
				ASSETCATALOG_COMPILER_APPICON_NAME = AppIcon;
				CODE_SIGN_STYLE = Automatic;
				DEVELOPMENT_TEAM = 7KA294727R;
				INFOPLIST_FILE = SQLiteCRUDInSwift/Info.plist;
				LD_RUNPATH_SEARCH_PATHS = (
					"$(inherited)",
					"@executable_path/Frameworks",
				);
				PRODUCT_BUNDLE_IDENTIFIER = mycompany.SQLiteCRUDInSwift;
				PRODUCT_NAME = "$(TARGET_NAME)";
				SWIFT_VERSION = 4.0;
				TARGETED_DEVICE_FAMILY = "1,2";
			};
			name = Debug;
		};
		65016CBE211D909100E5A6DF /* Release */ = {
			isa = XCBuildConfiguration;
			buildSettings = {
				ALWAYS_EMBED_SWIFT_STANDARD_LIBRARIES = YES;
				ASSETCATALOG_COMPILER_APPICON_NAME = AppIcon;
				CODE_SIGN_STYLE = Automatic;
				DEVELOPMENT_TEAM = 7KA294727R;
				INFOPLIST_FILE = SQLiteCRUDInSwift/Info.plist;
				LD_RUNPATH_SEARCH_PATHS = (
					"$(inherited)",
					"@executable_path/Frameworks",
				);
				PRODUCT_BUNDLE_IDENTIFIER = mycompany.SQLiteCRUDInSwift;
				PRODUCT_NAME = "$(TARGET_NAME)";
				SWIFT_VERSION = 4.0;
				TARGETED_DEVICE_FAMILY = "1,2";
			};
			name = Release;
		};
		65016CC0211D909100E5A6DF /* Debug */ = {
			isa = XCBuildConfiguration;
			buildSettings = {
				ALWAYS_EMBED_SWIFT_STANDARD_LIBRARIES = YES;
				BUNDLE_LOADER = "$(TEST_HOST)";
				CODE_SIGN_STYLE = Automatic;
				INFOPLIST_FILE = SQLiteCRUDInSwiftTests/Info.plist;
				LD_RUNPATH_SEARCH_PATHS = (
					"$(inherited)",
					"@executable_path/Frameworks",
					"@loader_path/Frameworks",
				);
				PRODUCT_BUNDLE_IDENTIFIER = mycompany.SQLiteCRUDInSwiftTests;
				PRODUCT_NAME = "$(TARGET_NAME)";
				SWIFT_VERSION = 4.0;
				TARGETED_DEVICE_FAMILY = "1,2";
				TEST_HOST = "$(BUILT_PRODUCTS_DIR)/SQLiteCRUDInSwift.app/SQLiteCRUDInSwift";
			};
			name = Debug;
		};
		65016CC1211D909100E5A6DF /* Release */ = {
			isa = XCBuildConfiguration;
			buildSettings = {
				ALWAYS_EMBED_SWIFT_STANDARD_LIBRARIES = YES;
				BUNDLE_LOADER = "$(TEST_HOST)";
				CODE_SIGN_STYLE = Automatic;
				INFOPLIST_FILE = SQLiteCRUDInSwiftTests/Info.plist;
				LD_RUNPATH_SEARCH_PATHS = (
					"$(inherited)",
					"@executable_path/Frameworks",
					"@loader_path/Frameworks",
				);
				PRODUCT_BUNDLE_IDENTIFIER = mycompany.SQLiteCRUDInSwiftTests;
				PRODUCT_NAME = "$(TARGET_NAME)";
				SWIFT_VERSION = 4.0;
				TARGETED_DEVICE_FAMILY = "1,2";
				TEST_HOST = "$(BUILT_PRODUCTS_DIR)/SQLiteCRUDInSwift.app/SQLiteCRUDInSwift";
			};
			name = Release;
		};
		65016CC3211D909100E5A6DF /* Debug */ = {
			isa = XCBuildConfiguration;
			buildSettings = {
				ALWAYS_EMBED_SWIFT_STANDARD_LIBRARIES = YES;
				CODE_SIGN_STYLE = Automatic;
				INFOPLIST_FILE = SQLiteCRUDInSwiftUITests/Info.plist;
				LD_RUNPATH_SEARCH_PATHS = (
					"$(inherited)",
					"@executable_path/Frameworks",
					"@loader_path/Frameworks",
				);
				PRODUCT_BUNDLE_IDENTIFIER = mycompany.SQLiteCRUDInSwiftUITests;
				PRODUCT_NAME = "$(TARGET_NAME)";
				SWIFT_VERSION = 4.0;
				TARGETED_DEVICE_FAMILY = "1,2";
				TEST_TARGET_NAME = SQLiteCRUDInSwift;
			};
			name = Debug;
		};
		65016CC4211D909100E5A6DF /* Release */ = {
			isa = XCBuildConfiguration;
			buildSettings = {
				ALWAYS_EMBED_SWIFT_STANDARD_LIBRARIES = YES;
				CODE_SIGN_STYLE = Automatic;
				INFOPLIST_FILE = SQLiteCRUDInSwiftUITests/Info.plist;
				LD_RUNPATH_SEARCH_PATHS = (
					"$(inherited)",
					"@executable_path/Frameworks",
					"@loader_path/Frameworks",
				);
				PRODUCT_BUNDLE_IDENTIFIER = mycompany.SQLiteCRUDInSwiftUITests;
				PRODUCT_NAME = "$(TARGET_NAME)";
				SWIFT_VERSION = 4.0;
				TARGETED_DEVICE_FAMILY = "1,2";
				TEST_TARGET_NAME = SQLiteCRUDInSwift;
			};
			name = Release;
		};
/* End XCBuildConfiguration section */

/* Begin XCConfigurationList section */
		65016C8F211D908E00E5A6DF /* Build configuration list for PBXProject "SQLiteCRUDInSwift" */ = {
			isa = XCConfigurationList;
			buildConfigurations = (
				65016CBA211D909100E5A6DF /* Debug */,
				65016CBB211D909100E5A6DF /* Release */,
			);
			defaultConfigurationIsVisible = 0;
			defaultConfigurationName = Release;
		};
		65016CBC211D909100E5A6DF /* Build configuration list for PBXNativeTarget "SQLiteCRUDInSwift" */ = {
			isa = XCConfigurationList;
			buildConfigurations = (
				65016CBD211D909100E5A6DF /* Debug */,
				65016CBE211D909100E5A6DF /* Release */,
			);
			defaultConfigurationIsVisible = 0;
			defaultConfigurationName = Release;
		};
		65016CBF211D909100E5A6DF /* Build configuration list for PBXNativeTarget "SQLiteCRUDInSwiftTests" */ = {
			isa = XCConfigurationList;
			buildConfigurations = (
				65016CC0211D909100E5A6DF /* Debug */,
				65016CC1211D909100E5A6DF /* Release */,
			);
			defaultConfigurationIsVisible = 0;
			defaultConfigurationName = Release;
		};
		65016CC2211D909100E5A6DF /* Build configuration list for PBXNativeTarget "SQLiteCRUDInSwiftUITests" */ = {
			isa = XCConfigurationList;
			buildConfigurations = (
				65016CC3211D909100E5A6DF /* Debug */,
				65016CC4211D909100E5A6DF /* Release */,
			);
			defaultConfigurationIsVisible = 0;
			defaultConfigurationName = Release;
		};
/* End XCConfigurationList section */
	};
	rootObject = 65016C8C211D908E00E5A6DF /* Project object */;
}
